
Microsoft Visual Studio Solution File, Format Version 12.00
# Visual Studio Version 16
VisualStudioVersion = 16.0.30002.166
MinimumVisualStudioVersion = 10.0.40219.1
Project("{FAE04EC0-301F-11D3-BF4B-00C04F79EFBC}") = "MVC_LLG1", "MVC_LLG1.csproj", "{E21EC5C3-DCAA-4088-A7A6-0901B391027B}"
EndProject
Global
	GlobalSection(SolutionConfigurationPlatforms) = preSolution
		Debug|Any CPU = Debug|Any CPU
		Release|Any CPU = Release|Any CPU
	EndGlobalSection
	GlobalSection(ProjectConfigurationPlatforms) = postSolution
		{E21EC5C3-DCAA-4088-A7A6-0901B391027B}.Debug|Any CPU.ActiveCfg = Debug|Any CPU
		{E21EC5C3-DCAA-4088-A7A6-0901B391027B}.Debug|Any CPU.Build.0 = Debug|Any CPU
		{E21EC5C3-DCAA-4088-A7A6-0901B391027B}.Release|Any CPU.ActiveCfg = Release|Any CPU
		{E21EC5C3-DCAA-4088-A7A6-0901B391027B}.Release|Any CPU.Build.0 = Release|Any CPU
	EndGlobalSection
	GlobalSection(SolutionProperties) = preSolution
		HideSolutionNode = FALSE
	EndGlobalSection
	GlobalSection(ExtensibilityGlobals) = postSolution
		SolutionGuid = {DBA2E677-900D-4C97-9AAA-13D98F0A0546}
	EndGlobalSection
EndGlobal
